
Microsoft Visual Studio Solution File, Format Version 12.00
# Visual Studio Version 17
VisualStudioVersion = 17.12.35527.113 d17.12
MinimumVisualStudioVersion = 10.0.40219.1
Project("{FAE04EC0-301F-11D3-BF4B-00C04F79EFBC}") = "PRN222_SP25_B5_SL1", "PRN222_SP25_B5_SL1.csproj", "{DC0E5BBB-8C82-4681-B7AE-FF587D1A28F1}"
EndProject
Global
	GlobalSection(SolutionConfigurationPlatforms) = preSolution
		Debug|Any CPU = Debug|Any CPU
		Release|Any CPU = Release|Any CPU
	EndGlobalSection
	GlobalSection(ProjectConfigurationPlatforms) = postSolution
		{DC0E5BBB-8C82-4681-B7AE-FF587D1A28F1}.Debug|Any CPU.ActiveCfg = Debug|Any CPU
		{DC0E5BBB-8C82-4681-B7AE-FF587D1A28F1}.Debug|Any CPU.Build.0 = Debug|Any CPU
		{DC0E5BBB-8C82-4681-B7AE-FF587D1A28F1}.Release|Any CPU.ActiveCfg = Release|Any CPU
		{DC0E5BBB-8C82-4681-B7AE-FF587D1A28F1}.Release|Any CPU.Build.0 = Release|Any CPU
	EndGlobalSection
	GlobalSection(SolutionProperties) = preSolution
		HideSolutionNode = FALSE
	EndGlobalSection
EndGlobal
